
Microsoft Visual Studio Solution File, Format Version 12.00
# Visual Studio Version 17
VisualStudioVersion = 17.5.33627.172
MinimumVisualStudioVersion = 10.0.40219.1
Project("{FAE04EC0-301F-11D3-BF4B-00C04F79EFBC}") = "tmp1", "tmp1.csproj", "{86C7C397-C3A5-4CC8-B554-7D680BF51E22}"
EndProject
Global
	GlobalSection(SolutionConfigurationPlatforms) = preSolution
		Debug|Any CPU = Debug|Any CPU
		Release|Any CPU = Release|Any CPU
	EndGlobalSection
	GlobalSection(ProjectConfigurationPlatforms) = postSolution
		{86C7C397-C3A5-4CC8-B554-7D680BF51E22}.Debug|Any CPU.ActiveCfg = Debug|Any CPU
		{86C7C397-C3A5-4CC8-B554-7D680BF51E22}.Debug|Any CPU.Build.0 = Debug|Any CPU
		{86C7C397-C3A5-4CC8-B554-7D680BF51E22}.Release|Any CPU.ActiveCfg = Release|Any CPU
		{86C7C397-C3A5-4CC8-B554-7D680BF51E22}.Release|Any CPU.Build.0 = Release|Any CPU
	EndGlobalSection
	GlobalSection(SolutionProperties) = preSolution
		HideSolutionNode = FALSE
	EndGlobalSection
	GlobalSection(ExtensibilityGlobals) = postSolution
		SolutionGuid = {8DA0049D-8FA6-45F2-B375-B290D0E9AEA9}
	EndGlobalSection
EndGlobal
